
Microsoft Visual Studio Solution File, Format Version 12.00
# Visual Studio 15
VisualStudioVersion = 15.0.27428.2011
MinimumVisualStudioVersion = 10.0.40219.1
Project("{FAE04EC0-301F-11D3-BF4B-00C04F79EFBC}") = "Entity6_13", "Entity6_13\Entity6_13.csproj", "{FAB7185F-EF02-4CBE-B4A3-9F0FD3875754}"
EndProject
Global
	GlobalSection(SolutionConfigurationPlatforms) = preSolution
		Debug|Any CPU = Debug|Any CPU
		Release|Any CPU = Release|Any CPU
	EndGlobalSection
	GlobalSection(ProjectConfigurationPlatforms) = postSolution
		{FAB7185F-EF02-4CBE-B4A3-9F0FD3875754}.Debug|Any CPU.ActiveCfg = Debug|Any CPU
		{FAB7185F-EF02-4CBE-B4A3-9F0FD3875754}.Debug|Any CPU.Build.0 = Debug|Any CPU
		{FAB7185F-EF02-4CBE-B4A3-9F0FD3875754}.Release|Any CPU.ActiveCfg = Release|Any CPU
		{FAB7185F-EF02-4CBE-B4A3-9F0FD3875754}.Release|Any CPU.Build.0 = Release|Any CPU
	EndGlobalSection
	GlobalSection(SolutionProperties) = preSolution
		HideSolutionNode = FALSE
	EndGlobalSection
	GlobalSection(ExtensibilityGlobals) = postSolution
		SolutionGuid = {B86DBE40-925D-4CCA-95B2-3796E3E927A6}
	EndGlobalSection
EndGlobal
