
Microsoft Visual Studio Solution File, Format Version 12.00
# Visual Studio 15
VisualStudioVersion = 15.0.27428.2011
MinimumVisualStudioVersion = 10.0.40219.1
Project("{FAE04EC0-301F-11D3-BF4B-00C04F79EFBC}") = "Entity6_14", "Entity6_14\Entity6_14.csproj", "{45F7092C-42D3-4CED-984C-BB527FBC0017}"
EndProject
Global
	GlobalSection(SolutionConfigurationPlatforms) = preSolution
		Debug|Any CPU = Debug|Any CPU
		Release|Any CPU = Release|Any CPU
	EndGlobalSection
	GlobalSection(ProjectConfigurationPlatforms) = postSolution
		{45F7092C-42D3-4CED-984C-BB527FBC0017}.Debug|Any CPU.ActiveCfg = Debug|Any CPU
		{45F7092C-42D3-4CED-984C-BB527FBC0017}.Debug|Any CPU.Build.0 = Debug|Any CPU
		{45F7092C-42D3-4CED-984C-BB527FBC0017}.Release|Any CPU.ActiveCfg = Release|Any CPU
		{45F7092C-42D3-4CED-984C-BB527FBC0017}.Release|Any CPU.Build.0 = Release|Any CPU
	EndGlobalSection
	GlobalSection(SolutionProperties) = preSolution
		HideSolutionNode = FALSE
	EndGlobalSection
	GlobalSection(ExtensibilityGlobals) = postSolution
		SolutionGuid = {4E200B0A-FF2C-4CD5-93F7-9D13567F4C9C}
	EndGlobalSection
EndGlobal
