
Microsoft Visual Studio Solution File, Format Version 12.00
# Visual Studio 15
VisualStudioVersion = 15.0.27428.2011
MinimumVisualStudioVersion = 10.0.40219.1
Project("{FAE04EC0-301F-11D3-BF4B-00C04F79EFBC}") = "Entity6_2", "Entity6_2\Entity6_2.csproj", "{0229423E-EED5-43B1-8E5D-51787BD44A32}"
EndProject
Global
	GlobalSection(SolutionConfigurationPlatforms) = preSolution
		Debug|Any CPU = Debug|Any CPU
		Release|Any CPU = Release|Any CPU
	EndGlobalSection
	GlobalSection(ProjectConfigurationPlatforms) = postSolution
		{0229423E-EED5-43B1-8E5D-51787BD44A32}.Debug|Any CPU.ActiveCfg = Debug|Any CPU
		{0229423E-EED5-43B1-8E5D-51787BD44A32}.Debug|Any CPU.Build.0 = Debug|Any CPU
		{0229423E-EED5-43B1-8E5D-51787BD44A32}.Release|Any CPU.ActiveCfg = Release|Any CPU
		{0229423E-EED5-43B1-8E5D-51787BD44A32}.Release|Any CPU.Build.0 = Release|Any CPU
	EndGlobalSection
	GlobalSection(SolutionProperties) = preSolution
		HideSolutionNode = FALSE
	EndGlobalSection
	GlobalSection(ExtensibilityGlobals) = postSolution
		SolutionGuid = {4B65B30B-0B27-454B-A393-65C6AAB68AF2}
	EndGlobalSection
EndGlobal
