
Microsoft Visual Studio Solution File, Format Version 12.00
# Visual Studio 15
VisualStudioVersion = 15.0.27428.2011
MinimumVisualStudioVersion = 10.0.40219.1
Project("{FAE04EC0-301F-11D3-BF4B-00C04F79EFBC}") = "Entity6_3", "Entity6_3\Entity6_3.csproj", "{B90F0F44-5BAD-4DE1-A033-9D8940F321BC}"
EndProject
Global
	GlobalSection(SolutionConfigurationPlatforms) = preSolution
		Debug|Any CPU = Debug|Any CPU
		Release|Any CPU = Release|Any CPU
	EndGlobalSection
	GlobalSection(ProjectConfigurationPlatforms) = postSolution
		{B90F0F44-5BAD-4DE1-A033-9D8940F321BC}.Debug|Any CPU.ActiveCfg = Debug|Any CPU
		{B90F0F44-5BAD-4DE1-A033-9D8940F321BC}.Debug|Any CPU.Build.0 = Debug|Any CPU
		{B90F0F44-5BAD-4DE1-A033-9D8940F321BC}.Release|Any CPU.ActiveCfg = Release|Any CPU
		{B90F0F44-5BAD-4DE1-A033-9D8940F321BC}.Release|Any CPU.Build.0 = Release|Any CPU
	EndGlobalSection
	GlobalSection(SolutionProperties) = preSolution
		HideSolutionNode = FALSE
	EndGlobalSection
	GlobalSection(ExtensibilityGlobals) = postSolution
		SolutionGuid = {50BB3EEA-C0D4-4CD3-9F62-9AFE934AF690}
	EndGlobalSection
EndGlobal
